// !$*UTF8*$!
{
	archiveVersion = 1;
	classes = {
	};
	objectVersion = 56;
	objects = {

/* Begin PBXBuildFile section */
		8C5E49EF2A309F7C00931EC0 /* AppDelegate.swift in Sources */ = {isa = PBXBuildFile; fileRef = 8C5E49EE2A309F7C00931EC0 /* AppDelegate.swift */; };
		8C5E49F12A309F7C00931EC0 /* SceneDelegate.swift in Sources */ = {isa = PBXBuildFile; fileRef = 8C5E49F02A309F7C00931EC0 /* SceneDelegate.swift */; };
		8C5E49F62A309F7C00931EC0 /* Main.storyboard in Resources */ = {isa = PBXBuildFile; fileRef = 8C5E49F42A309F7C00931EC0 /* Main.storyboard */; };
		8C5E49F82A309F7D00931EC0 /* Assets.xcassets in Resources */ = {isa = PBXBuildFile; fileRef = 8C5E49F72A309F7D00931EC0 /* Assets.xcassets */; };
		8C5E49FB2A309F7D00931EC0 /* LaunchScreen.storyboard in Resources */ = {isa = PBXBuildFile; fileRef = 8C5E49F92A309F7D00931EC0 /* LaunchScreen.storyboard */; };
		8C5E4A042A30A1A400931EC0 /* WeatherListTableViewController.swift in Sources */ = {isa = PBXBuildFile; fileRef = 8C5E4A032A30A1A400931EC0 /* WeatherListTableViewController.swift */; };
		8C5E4A062A30A1CF00931EC0 /* AddWeatherCityViewController.swift in Sources */ = {isa = PBXBuildFile; fileRef = 8C5E4A052A30A1CF00931EC0 /* AddWeatherCityViewController.swift */; };
		8C5E4A4C2A33564800931EC0 /* WeatherTableViewCell.swift in Sources */ = {isa = PBXBuildFile; fileRef = 8C5E4A4B2A33564800931EC0 /* WeatherTableViewCell.swift */; };
		8C5E4A4F2A3360D400931EC0 /* Webservice.swift in Sources */ = {isa = PBXBuildFile; fileRef = 8C5E4A4E2A3360D400931EC0 /* Webservice.swift */; };
		8C5E4A522A3366F300931EC0 /* WeatherResponse.swift in Sources */ = {isa = PBXBuildFile; fileRef = 8C5E4A512A3366F300931EC0 /* WeatherResponse.swift */; };
		8C5E4A552A336BB500931EC0 /* AddWeatherViewModel.swift in Sources */ = {isa = PBXBuildFile; fileRef = 8C5E4A542A336BB500931EC0 /* AddWeatherViewModel.swift */; };
		8C5E4A582A336C0400931EC0 /* Constants.swift in Sources */ = {isa = PBXBuildFile; fileRef = 8C5E4A572A336C0400931EC0 /* Constants.swift */; };
		8C5E4A5B2A336D0B00931EC0 /* String+Etensions.swift in Sources */ = {isa = PBXBuildFile; fileRef = 8C5E4A5A2A336D0B00931EC0 /* String+Etensions.swift */; };
		8C5E4A5D2A33700200931EC0 /* WeatherListViewModel.swift in Sources */ = {isa = PBXBuildFile; fileRef = 8C5E4A5C2A33700200931EC0 /* WeatherListViewModel.swift */; };
		8C5E4A5F2A337A5D00931EC0 /* Double+Extensions.swift in Sources */ = {isa = PBXBuildFile; fileRef = 8C5E4A5E2A337A5D00931EC0 /* Double+Extensions.swift */; };
/* End PBXBuildFile section */

/* Begin PBXFileReference section */
		8C5E49EB2A309F7C00931EC0 /* GoodWeather-MVVM.app */ = {isa = PBXFileReference; explicitFileType = wrapper.application; includeInIndex = 0; path = "GoodWeather-MVVM.app"; sourceTree = BUILT_PRODUCTS_DIR; };
		8C5E49EE2A309F7C00931EC0 /* AppDelegate.swift */ = {isa = PBXFileReference; lastKnownFileType = sourcecode.swift; path = AppDelegate.swift; sourceTree = "<group>"; };
		8C5E49F02A309F7C00931EC0 /* SceneDelegate.swift */ = {isa = PBXFileReference; lastKnownFileType = sourcecode.swift; path = SceneDelegate.swift; sourceTree = "<group>"; };
		8C5E49F52A309F7C00931EC0 /* Base */ = {isa = PBXFileReference; lastKnownFileType = file.storyboard; name = Base; path = Base.lproj/Main.storyboard; sourceTree = "<group>"; };
		8C5E49F72A309F7D00931EC0 /* Assets.xcassets */ = {isa = PBXFileReference; lastKnownFileType = folder.assetcatalog; path = Assets.xcassets; sourceTree = "<group>"; };
		8C5E49FA2A309F7D00931EC0 /* Base */ = {isa = PBXFileReference; lastKnownFileType = file.storyboard; name = Base; path = Base.lproj/LaunchScreen.storyboard; sourceTree = "<group>"; };
		8C5E49FC2A309F7D00931EC0 /* Info.plist */ = {isa = PBXFileReference; lastKnownFileType = text.plist.xml; path = Info.plist; sourceTree = "<group>"; };
		8C5E4A032A30A1A400931EC0 /* WeatherListTableViewController.swift */ = {isa = PBXFileReference; lastKnownFileType = sourcecode.swift; path = WeatherListTableViewController.swift; sourceTree = "<group>"; };
		8C5E4A052A30A1CF00931EC0 /* AddWeatherCityViewController.swift */ = {isa = PBXFileReference; lastKnownFileType = sourcecode.swift; path = AddWeatherCityViewController.swift; sourceTree = "<group>"; };
		8C5E4A4B2A33564800931EC0 /* WeatherTableViewCell.swift */ = {isa = PBXFileReference; lastKnownFileType = sourcecode.swift; path = WeatherTableViewCell.swift; sourceTree = "<group>"; };
		8C5E4A4E2A3360D400931EC0 /* Webservice.swift */ = {isa = PBXFileReference; lastKnownFileType = sourcecode.swift; path = Webservice.swift; sourceTree = "<group>"; };
		8C5E4A512A3366F300931EC0 /* WeatherResponse.swift */ = {isa = PBXFileReference; lastKnownFileType = sourcecode.swift; path = WeatherResponse.swift; sourceTree = "<group>"; };
		8C5E4A542A336BB500931EC0 /* AddWeatherViewModel.swift */ = {isa = PBXFileReference; lastKnownFileType = sourcecode.swift; path = AddWeatherViewModel.swift; sourceTree = "<group>"; };
		8C5E4A572A336C0400931EC0 /* Constants.swift */ = {isa = PBXFileReference; lastKnownFileType = sourcecode.swift; path = Constants.swift; sourceTree = "<group>"; };
		8C5E4A5A2A336D0B00931EC0 /* String+Etensions.swift */ = {isa = PBXFileReference; lastKnownFileType = sourcecode.swift; path = "String+Etensions.swift"; sourceTree = "<group>"; };
		8C5E4A5C2A33700200931EC0 /* WeatherListViewModel.swift */ = {isa = PBXFileReference; lastKnownFileType = sourcecode.swift; path = WeatherListViewModel.swift; sourceTree = "<group>"; };
		8C5E4A5E2A337A5D00931EC0 /* Double+Extensions.swift */ = {isa = PBXFileReference; lastKnownFileType = sourcecode.swift; path = "Double+Extensions.swift"; sourceTree = "<group>"; };
/* End PBXFileReference section */

/* Begin PBXFrameworksBuildPhase section */
		8C5E49E82A309F7C00931EC0 /* Frameworks */ = {
			isa = PBXFrameworksBuildPhase;
			buildActionMask = 2147483647;
			files = (
			);
			runOnlyForDeploymentPostprocessing = 0;
		};
/* End PBXFrameworksBuildPhase section */

/* Begin PBXGroup section */
		8C5E49E22A309F7C00931EC0 = {
			isa = PBXGroup;
			children = (
				8C5E49ED2A309F7C00931EC0 /* GoodWeather-MVVM */,
				8C5E49EC2A309F7C00931EC0 /* Products */,
			);
			sourceTree = "<group>";
		};
		8C5E49EC2A309F7C00931EC0 /* Products */ = {
			isa = PBXGroup;
			children = (
				8C5E49EB2A309F7C00931EC0 /* GoodWeather-MVVM.app */,
			);
			name = Products;
			sourceTree = "<group>";
		};
		8C5E49ED2A309F7C00931EC0 /* GoodWeather-MVVM */ = {
			isa = PBXGroup;
			children = (
				8C5E4A592A336CEF00931EC0 /* Extensions */,
				8C5E4A562A336BEE00931EC0 /* Utils */,
				8C5E4A532A336B5E00931EC0 /* ViewModels */,
				8C5E4A502A3366D000931EC0 /* Models */,
				8C5E4A4D2A3360C100931EC0 /* Services */,
				8C5E4A4B2A33564800931EC0 /* WeatherTableViewCell.swift */,
				8C5E4A022A30A15C00931EC0 /* Controllers */,
				8C5E49EE2A309F7C00931EC0 /* AppDelegate.swift */,
				8C5E49F02A309F7C00931EC0 /* SceneDelegate.swift */,
				8C5E49F42A309F7C00931EC0 /* Main.storyboard */,
				8C5E49F72A309F7D00931EC0 /* Assets.xcassets */,
				8C5E49F92A309F7D00931EC0 /* LaunchScreen.storyboard */,
				8C5E49FC2A309F7D00931EC0 /* Info.plist */,
			);
			path = "GoodWeather-MVVM";
			sourceTree = "<group>";
		};
		8C5E4A022A30A15C00931EC0 /* Controllers */ = {
			isa = PBXGroup;
			children = (
				8C5E4A032A30A1A400931EC0 /* WeatherListTableViewController.swift */,
				8C5E4A052A30A1CF00931EC0 /* AddWeatherCityViewController.swift */,
			);
			path = Controllers;
			sourceTree = "<group>";
		};
		8C5E4A4D2A3360C100931EC0 /* Services */ = {
			isa = PBXGroup;
			children = (
				8C5E4A4E2A3360D400931EC0 /* Webservice.swift */,
			);
			path = Services;
			sourceTree = "<group>";
		};
		8C5E4A502A3366D000931EC0 /* Models */ = {
			isa = PBXGroup;
			children = (
				8C5E4A512A3366F300931EC0 /* WeatherResponse.swift */,
			);
			path = Models;
			sourceTree = "<group>";
		};
		8C5E4A532A336B5E00931EC0 /* ViewModels */ = {
			isa = PBXGroup;
			children = (
				8C5E4A542A336BB500931EC0 /* AddWeatherViewModel.swift */,
				8C5E4A5C2A33700200931EC0 /* WeatherListViewModel.swift */,
			);
			path = ViewModels;
			sourceTree = "<group>";
		};
		8C5E4A562A336BEE00931EC0 /* Utils */ = {
			isa = PBXGroup;
			children = (
				8C5E4A572A336C0400931EC0 /* Constants.swift */,
			);
			path = Utils;
			sourceTree = "<group>";
		};
		8C5E4A592A336CEF00931EC0 /* Extensions */ = {
			isa = PBXGroup;
			children = (
				8C5E4A5A2A336D0B00931EC0 /* String+Etensions.swift */,
				8C5E4A5E2A337A5D00931EC0 /* Double+Extensions.swift */,
			);
			path = Extensions;
			sourceTree = "<group>";
		};
/* End PBXGroup section */

/* Begin PBXNativeTarget section */
		8C5E49EA2A309F7C00931EC0 /* GoodWeather-MVVM */ = {
			isa = PBXNativeTarget;
			buildConfigurationList = 8C5E49FF2A309F7D00931EC0 /* Build configuration list for PBXNativeTarget "GoodWeather-MVVM" */;
			buildPhases = (
				8C5E49E72A309F7C00931EC0 /* Sources */,
				8C5E49E82A309F7C00931EC0 /* Frameworks */,
				8C5E49E92A309F7C00931EC0 /* Resources */,
			);
			buildRules = (
			);
			dependencies = (
			);
			name = "GoodWeather-MVVM";
			productName = "GoodWeather-MVVM";
			productReference = 8C5E49EB2A309F7C00931EC0 /* GoodWeather-MVVM.app */;
			productType = "com.apple.product-type.application";
		};
/* End PBXNativeTarget section */

/* Begin PBXProject section */
		8C5E49E32A309F7C00931EC0 /* Project object */ = {
			isa = PBXProject;
			attributes = {
				BuildIndependentTargetsInParallel = 1;
				LastSwiftUpdateCheck = 1430;
				LastUpgradeCheck = 1430;
				TargetAttributes = {
					8C5E49EA2A309F7C00931EC0 = {
						CreatedOnToolsVersion = 14.3;
					};
				};
			};
			buildConfigurationList = 8C5E49E62A309F7C00931EC0 /* Build configuration list for PBXProject "GoodWeather-MVVM" */;
			compatibilityVersion = "Xcode 14.0";
			developmentRegion = en;
			hasScannedForEncodings = 0;
			knownRegions = (
				en,
				Base,
			);
			mainGroup = 8C5E49E22A309F7C00931EC0;
			productRefGroup = 8C5E49EC2A309F7C00931EC0 /* Products */;
			projectDirPath = "";
			projectRoot = "";
			targets = (
				8C5E49EA2A309F7C00931EC0 /* GoodWeather-MVVM */,
			);
		};
/* End PBXProject section */

/* Begin PBXResourcesBuildPhase section */
		8C5E49E92A309F7C00931EC0 /* Resources */ = {
			isa = PBXResourcesBuildPhase;
			buildActionMask = 2147483647;
			files = (
				8C5E49FB2A309F7D00931EC0 /* LaunchScreen.storyboard in Resources */,
				8C5E49F82A309F7D00931EC0 /* Assets.xcassets in Resources */,
				8C5E49F62A309F7C00931EC0 /* Main.storyboard in Resources */,
			);
			runOnlyForDeploymentPostprocessing = 0;
		};
/* End PBXResourcesBuildPhase section */

/* Begin PBXSourcesBuildPhase section */
		8C5E49E72A309F7C00931EC0 /* Sources */ = {
			isa = PBXSourcesBuildPhase;
			buildActionMask = 2147483647;
			files = (
				8C5E4A5F2A337A5D00931EC0 /* Double+Extensions.swift in Sources */,
				8C5E4A4C2A33564800931EC0 /* WeatherTableViewCell.swift in Sources */,
				8C5E4A552A336BB500931EC0 /* AddWeatherViewModel.swift in Sources */,
				8C5E4A042A30A1A400931EC0 /* WeatherListTableViewController.swift in Sources */,
				8C5E4A4F2A3360D400931EC0 /* Webservice.swift in Sources */,
				8C5E4A522A3366F300931EC0 /* WeatherResponse.swift in Sources */,
				8C5E49EF2A309F7C00931EC0 /* AppDelegate.swift in Sources */,
				8C5E4A5D2A33700200931EC0 /* WeatherListViewModel.swift in Sources */,
				8C5E4A062A30A1CF00931EC0 /* AddWeatherCityViewController.swift in Sources */,
				8C5E49F12A309F7C00931EC0 /* SceneDelegate.swift in Sources */,
				8C5E4A582A336C0400931EC0 /* Constants.swift in Sources */,
				8C5E4A5B2A336D0B00931EC0 /* String+Etensions.swift in Sources */,
			);
			runOnlyForDeploymentPostprocessing = 0;
		};
/* End PBXSourcesBuildPhase section */

/* Begin PBXVariantGroup section */
		8C5E49F42A309F7C00931EC0 /* Main.storyboard */ = {
			isa = PBXVariantGroup;
			children = (
				8C5E49F52A309F7C00931EC0 /* Base */,
			);
			name = Main.storyboard;
			sourceTree = "<group>";
		};
		8C5E49F92A309F7D00931EC0 /* LaunchScreen.storyboard */ = {
			isa = PBXVariantGroup;
			children = (
				8C5E49FA2A309F7D00931EC0 /* Base */,
			);
			name = LaunchScreen.storyboard;
			sourceTree = "<group>";
		};
/* End PBXVariantGroup section */

/* Begin XCBuildConfiguration section */
		8C5E49FD2A309F7D00931EC0 /* Debug */ = {
			isa = XCBuildConfiguration;
			buildSettings = {
				ALWAYS_SEARCH_USER_PATHS = NO;
				CLANG_ANALYZER_NONNULL = YES;
				CLANG_ANALYZER_NUMBER_OBJECT_CONVERSION = YES_AGGRESSIVE;
				CLANG_CXX_LANGUAGE_STANDARD = "gnu++20";
				CLANG_ENABLE_MODULES = YES;
				CLANG_ENABLE_OBJC_ARC = YES;
				CLANG_ENABLE_OBJC_WEAK = YES;
				CLANG_WARN_BLOCK_CAPTURE_AUTORELEASING = YES;
				CLANG_WARN_BOOL_CONVERSION = YES;
				CLANG_WARN_COMMA = YES;
				CLANG_WARN_CONSTANT_CONVERSION = YES;
				CLANG_WARN_DEPRECATED_OBJC_IMPLEMENTATIONS = YES;
				CLANG_WARN_DIRECT_OBJC_ISA_USAGE = YES_ERROR;
				CLANG_WARN_DOCUMENTATION_COMMENTS = YES;
				CLANG_WARN_EMPTY_BODY = YES;
				CLANG_WARN_ENUM_CONVERSION = YES;
				CLANG_WARN_INFINITE_RECURSION = YES;
				CLANG_WARN_INT_CONVERSION = YES;
				CLANG_WARN_NON_LITERAL_NULL_CONVERSION = YES;
				CLANG_WARN_OBJC_IMPLICIT_RETAIN_SELF = YES;
				CLANG_WARN_OBJC_LITERAL_CONVERSION = YES;
				CLANG_WARN_OBJC_ROOT_CLASS = YES_ERROR;
				CLANG_WARN_QUOTED_INCLUDE_IN_FRAMEWORK_HEADER = YES;
				CLANG_WARN_RANGE_LOOP_ANALYSIS = YES;
				CLANG_WARN_STRICT_PROTOTYPES = YES;
				CLANG_WARN_SUSPICIOUS_MOVE = YES;
				CLANG_WARN_UNGUARDED_AVAILABILITY = YES_AGGRESSIVE;
				CLANG_WARN_UNREACHABLE_CODE = YES;
				CLANG_WARN__DUPLICATE_METHOD_MATCH = YES;
				COPY_PHASE_STRIP = NO;
				DEBUG_INFORMATION_FORMAT = dwarf;
				ENABLE_STRICT_OBJC_MSGSEND = YES;
				ENABLE_TESTABILITY = YES;
				GCC_C_LANGUAGE_STANDARD = gnu11;
				GCC_DYNAMIC_NO_PIC = NO;
				GCC_NO_COMMON_BLOCKS = YES;
				GCC_OPTIMIZATION_LEVEL = 0;
				GCC_PREPROCESSOR_DEFINITIONS = (
					"DEBUG=1",
					"$(inherited)",
				);
				GCC_WARN_64_TO_32_BIT_CONVERSION = YES;
				GCC_WARN_ABOUT_RETURN_TYPE = YES_ERROR;
				GCC_WARN_UNDECLARED_SELECTOR = YES;
				GCC_WARN_UNINITIALIZED_AUTOS = YES_AGGRESSIVE;
				GCC_WARN_UNUSED_FUNCTION = YES;
				GCC_WARN_UNUSED_VARIABLE = YES;
				IPHONEOS_DEPLOYMENT_TARGET = 16.4;
				MTL_ENABLE_DEBUG_INFO = INCLUDE_SOURCE;
				MTL_FAST_MATH = YES;
				ONLY_ACTIVE_ARCH = YES;
				SDKROOT = iphoneos;
				SWIFT_ACTIVE_COMPILATION_CONDITIONS = DEBUG;
				SWIFT_OPTIMIZATION_LEVEL = "-Onone";
			};
			name = Debug;
		};
		8C5E49FE2A309F7D00931EC0 /* Release */ = {
			isa = XCBuildConfiguration;
			buildSettings = {
				ALWAYS_SEARCH_USER_PATHS = NO;
				CLANG_ANALYZER_NONNULL = YES;
				CLANG_ANALYZER_NUMBER_OBJECT_CONVERSION = YES_AGGRESSIVE;
				CLANG_CXX_LANGUAGE_STANDARD = "gnu++20";
				CLANG_ENABLE_MODULES = YES;
				CLANG_ENABLE_OBJC_ARC = YES;
				CLANG_ENABLE_OBJC_WEAK = YES;
				CLANG_WARN_BLOCK_CAPTURE_AUTORELEASING = YES;
				CLANG_WARN_BOOL_CONVERSION = YES;
				CLANG_WARN_COMMA = YES;
				CLANG_WARN_CONSTANT_CONVERSION = YES;
				CLANG_WARN_DEPRECATED_OBJC_IMPLEMENTATIONS = YES;
				CLANG_WARN_DIRECT_OBJC_ISA_USAGE = YES_ERROR;
				CLANG_WARN_DOCUMENTATION_COMMENTS = YES;
				CLANG_WARN_EMPTY_BODY = YES;
				CLANG_WARN_ENUM_CONVERSION = YES;
				CLANG_WARN_INFINITE_RECURSION = YES;
				CLANG_WARN_INT_CONVERSION = YES;
				CLANG_WARN_NON_LITERAL_NULL_CONVERSION = YES;
				CLANG_WARN_OBJC_IMPLICIT_RETAIN_SELF = YES;
				CLANG_WARN_OBJC_LITERAL_CONVERSION = YES;
				CLANG_WARN_OBJC_ROOT_CLASS = YES_ERROR;
				CLANG_WARN_QUOTED_INCLUDE_IN_FRAMEWORK_HEADER = YES;
				CLANG_WARN_RANGE_LOOP_ANALYSIS = YES;
				CLANG_WARN_STRICT_PROTOTYPES = YES;
				CLANG_WARN_SUSPICIOUS_MOVE = YES;
				CLANG_WARN_UNGUARDED_AVAILABILITY = YES_AGGRESSIVE;
				CLANG_WARN_UNREACHABLE_CODE = YES;
				CLANG_WARN__DUPLICATE_METHOD_MATCH = YES;
				COPY_PHASE_STRIP = NO;
				DEBUG_INFORMATION_FORMAT = "dwarf-with-dsym";
				ENABLE_NS_ASSERTIONS = NO;
				ENABLE_STRICT_OBJC_MSGSEND = YES;
				GCC_C_LANGUAGE_STANDARD = gnu11;
				GCC_NO_COMMON_BLOCKS = YES;
				GCC_WARN_64_TO_32_BIT_CONVERSION = YES;
				GCC_WARN_ABOUT_RETURN_TYPE = YES_ERROR;
				GCC_WARN_UNDECLARED_SELECTOR = YES;
				GCC_WARN_UNINITIALIZED_AUTOS = YES_AGGRESSIVE;
				GCC_WARN_UNUSED_FUNCTION = YES;
				GCC_WARN_UNUSED_VARIABLE = YES;
				IPHONEOS_DEPLOYMENT_TARGET = 16.4;
				MTL_ENABLE_DEBUG_INFO = NO;
				MTL_FAST_MATH = YES;
				SDKROOT = iphoneos;
				SWIFT_COMPILATION_MODE = wholemodule;
				SWIFT_OPTIMIZATION_LEVEL = "-O";
				VALIDATE_PRODUCT = YES;
			};
			name = Release;
		};
		8C5E4A002A309F7D00931EC0 /* Debug */ = {
			isa = XCBuildConfiguration;
			buildSettings = {
				ASSETCATALOG_COMPILER_APPICON_NAME = AppIcon;
				ASSETCATALOG_COMPILER_GLOBAL_ACCENT_COLOR_NAME = AccentColor;
				CODE_SIGN_STYLE = Automatic;
				CURRENT_PROJECT_VERSION = 1;
				GENERATE_INFOPLIST_FILE = YES;
				INFOPLIST_FILE = "GoodWeather-MVVM/Info.plist";
				INFOPLIST_KEY_UIApplicationSupportsIndirectInputEvents = YES;
				INFOPLIST_KEY_UILaunchStoryboardName = LaunchScreen;
				INFOPLIST_KEY_UIMainStoryboardFile = Main;
				INFOPLIST_KEY_UISupportedInterfaceOrientations_iPad = "UIInterfaceOrientationPortrait UIInterfaceOrientationPortraitUpsideDown UIInterfaceOrientationLandscapeLeft UIInterfaceOrientationLandscapeRight";
				INFOPLIST_KEY_UISupportedInterfaceOrientations_iPhone = "UIInterfaceOrientationPortrait UIInterfaceOrientationLandscapeLeft UIInterfaceOrientationLandscapeRight";
				LD_RUNPATH_SEARCH_PATHS = (
					"$(inherited)",
					"@executable_path/Frameworks",
				);
				MARKETING_VERSION = 1.0;
				PRODUCT_BUNDLE_IDENTIFIER = "za.co.carrington.GoodWeather-MVVM";
				PRODUCT_NAME = "$(TARGET_NAME)";
				SWIFT_EMIT_LOC_STRINGS = YES;
				SWIFT_VERSION = 5.0;
				TARGETED_DEVICE_FAMILY = "1,2";
			};
			name = Debug;
		};
		8C5E4A012A309F7D00931EC0 /* Release */ = {
			isa = XCBuildConfiguration;
			buildSettings = {
				ASSETCATALOG_COMPILER_APPICON_NAME = AppIcon;
				ASSETCATALOG_COMPILER_GLOBAL_ACCENT_COLOR_NAME = AccentColor;
				CODE_SIGN_STYLE = Automatic;
				CURRENT_PROJECT_VERSION = 1;
				GENERATE_INFOPLIST_FILE = YES;
				INFOPLIST_FILE = "GoodWeather-MVVM/Info.plist";
				INFOPLIST_KEY_UIApplicationSupportsIndirectInputEvents = YES;
				INFOPLIST_KEY_UILaunchStoryboardName = LaunchScreen;
				INFOPLIST_KEY_UIMainStoryboardFile = Main;
				INFOPLIST_KEY_UISupportedInterfaceOrientations_iPad = "UIInterfaceOrientationPortrait UIInterfaceOrientationPortraitUpsideDown UIInterfaceOrientationLandscapeLeft UIInterfaceOrientationLandscapeRight";
				INFOPLIST_KEY_UISupportedInterfaceOrientations_iPhone = "UIInterfaceOrientationPortrait UIInterfaceOrientationLandscapeLeft UIInterfaceOrientationLandscapeRight";
				LD_RUNPATH_SEARCH_PATHS = (
					"$(inherited)",
					"@executable_path/Frameworks",
				);
				MARKETING_VERSION = 1.0;
				PRODUCT_BUNDLE_IDENTIFIER = "za.co.carrington.GoodWeather-MVVM";
				PRODUCT_NAME = "$(TARGET_NAME)";
				SWIFT_EMIT_LOC_STRINGS = YES;
				SWIFT_VERSION = 5.0;
				TARGETED_DEVICE_FAMILY = "1,2";
			};
			name = Release;
		};
/* End XCBuildConfiguration section */

/* Begin XCConfigurationList section */
		8C5E49E62A309F7C00931EC0 /* Build configuration list for PBXProject "GoodWeather-MVVM" */ = {
			isa = XCConfigurationList;
			buildConfigurations = (
				8C5E49FD2A309F7D00931EC0 /* Debug */,
				8C5E49FE2A309F7D00931EC0 /* Release */,
			);
			defaultConfigurationIsVisible = 0;
			defaultConfigurationName = Release;
		};
		8C5E49FF2A309F7D00931EC0 /* Build configuration list for PBXNativeTarget "GoodWeather-MVVM" */ = {
			isa = XCConfigurationList;
			buildConfigurations = (
				8C5E4A002A309F7D00931EC0 /* Debug */,
				8C5E4A012A309F7D00931EC0 /* Release */,
			);
			defaultConfigurationIsVisible = 0;
			defaultConfigurationName = Release;
		};
/* End XCConfigurationList section */
	};
	rootObject = 8C5E49E32A309F7C00931EC0 /* Project object */;
}
